<?xml version="1.0" encoding="utf-8"?>
<Project ToolsVersion="4.0" xmlns:atg="http://atg.xbox.com" xmlns="http://schemas.microsoft.com/developer/msbuild/2003">
  <ItemGroup>
    <Filter Include="Resource Files">
      <UniqueIdentifier>{8e114980-c1a3-4ada-ad7c-83caadf5daeb}</UniqueIdentifier>
      <Extensions>rc;ico;cur;bmp;dlg;rc2;rct;bin;rgs;gif;jpg;jpeg;jpe</Extensions>
    </Filter>
    <Filter Include="DXUT">
      <UniqueIdentifier>{a43c5c25-0e86-4a20-b64a-883785ff74fd}</UniqueIdentifier>
    </Filter>
    <Filter Include="Shaders">
      <UniqueIdentifier>{2c3d4c8c-5d1a-459a-a05a-a4e4b608a44e}</UniqueIdentifier>
      <Extensions>fx;fxh;hlsl</Extensions>
    </Filter>
    <Filter Include="Component">
      <UniqueIdentifier>{90c301aa-1d78-460d-a69b-ec8400ce9738}</UniqueIdentifier>
    </Filter>
    <Filter Include="Manager">
      <UniqueIdentifier>{7509fb91-3306-4a85-847f-06f8eb7de5bc}</UniqueIdentifier>
    </Filter>
    <Filter Include="GameObject">
      <UniqueIdentifier>{df7f4523-c9e7-45b5-ba36-e2a7164279fc}</UniqueIdentifier>
    </Filter>
    <Filter Include="GameObject\Base">
      <UniqueIdentifier>{ecb8d243-9279-483d-92dc-b6c398fc7977}</UniqueIdentifier>
    </Filter>
    <Filter Include="GameObject\Text">
      <UniqueIdentifier>{0aeb7e20-4a03-4047-afbd-c1dbccd4b2d8}</UniqueIdentifier>
    </Filter>
    <Filter Include="GameObject\Text\Base">
      <UniqueIdentifier>{49a31e00-9b4d-404b-9f84-08e4aa807c47}</UniqueIdentifier>
    </Filter>
    <Filter Include="GameObject\Bullet">
      <UniqueIdentifier>{20d66c1f-01ae-41ca-a8ab-cc415c19141a}</UniqueIdentifier>
    </Filter>
    <Filter Include="GameObject\Bullet\Base">
      <UniqueIdentifier>{d3510274-f84e-403f-a861-17c26b0c6c61}</UniqueIdentifier>
    </Filter>
    <Filter Include="GameObject\Stage">
      <UniqueIdentifier>{419cd6cf-dac3-4aa0-a447-1dd5f9f383d5}</UniqueIdentifier>
    </Filter>
    <Filter Include="GameObject\Character">
      <UniqueIdentifier>{97537b26-81b8-47d8-906d-b361ec2765b4}</UniqueIdentifier>
    </Filter>
    <Filter Include="GameObject\Weapon">
      <UniqueIdentifier>{0d9f1431-968c-4746-84ec-2bf77c064999}</UniqueIdentifier>
    </Filter>
    <Filter Include="GameObject\Weapon\Base">
      <UniqueIdentifier>{0b4c78f1-79df-4ba4-8a11-4f025c5f605c}</UniqueIdentifier>
    </Filter>
    <Filter Include="GameObject\Character\Enemy">
      <UniqueIdentifier>{5c1eef28-008b-4aa4-88af-cd629b215f37}</UniqueIdentifier>
    </Filter>
    <Filter Include="GameObject\Character\Enemy\Base">
      <UniqueIdentifier>{4579f773-6800-4579-b364-45fcf7846797}</UniqueIdentifier>
    </Filter>
  </ItemGroup>
  <ItemGroup>
    <None Include="DXUT\Optional\directx.ico">
      <Filter>Resource Files</Filter>
    </None>
    <ClInclude Include="DXUT\Core\DXUT.h">
      <Filter>DXUT</Filter>
    </ClInclude>
    <ClInclude Include="DXUT\Core\DXUTenum.h">
      <Filter>DXUT</Filter>
    </ClInclude>
    <ClInclude Include="DXUT\Core\DXUTmisc.h">
      <Filter>DXUT</Filter>
    </ClInclude>
    <ClCompile Include="DXUT\Core\DXUT.cpp">
      <Filter>DXUT</Filter>
    </ClCompile>
    <ClCompile Include="DXUT\Core\DXUTenum.cpp">
      <Filter>DXUT</Filter>
    </ClCompile>
    <ClCompile Include="DXUT\Core\DXUTmisc.cpp">
      <Filter>DXUT</Filter>
    </ClCompile>
    <ClInclude Include="DXUT\Optional\DXUTcamera.h">
      <Filter>DXUT</Filter>
    </ClInclude>
    <ClInclude Include="DXUT\Optional\DXUTgui.h">
      <Filter>DXUT</Filter>
    </ClInclude>
    <ClInclude Include="DXUT\Optional\DXUTres.h">
      <Filter>DXUT</Filter>
    </ClInclude>
    <ClInclude Include="DXUT\Optional\DXUTsettingsdlg.h">
      <Filter>DXUT</Filter>
    </ClInclude>
    <ClInclude Include="DXUT\Optional\SDKmesh.h">
      <Filter>DXUT</Filter>
    </ClInclude>
    <ClInclude Include="DXUT\Optional\SDKmisc.h">
      <Filter>DXUT</Filter>
    </ClInclude>
    <ClCompile Include="DXUT\Optional\DXUTcamera.cpp">
      <Filter>DXUT</Filter>
    </ClCompile>
    <ClCompile Include="DXUT\Optional\DXUTgui.cpp">
      <Filter>DXUT</Filter>
    </ClCompile>
    <ClCompile Include="DXUT\Optional\DXUTres.cpp">
      <Filter>DXUT</Filter>
    </ClCompile>
    <ClCompile Include="DXUT\Optional\DXUTsettingsdlg.cpp">
      <Filter>DXUT</Filter>
    </ClCompile>
    <ClCompile Include="DXUT\Optional\SDKmesh.cpp">
      <Filter>DXUT</Filter>
    </ClCompile>
    <ClCompile Include="DXUT\Optional\SDKmisc.cpp">
      <Filter>DXUT</Filter>
    </ClCompile>
  </ItemGroup>
  <ItemGroup>
    <ClCompile Include="DXUT\Optional\SDKsound.cpp">
      <Filter>DXUT</Filter>
    </ClCompile>
    <ClCompile Include="DXUT\Optional\SDKwavefile.cpp">
      <Filter>DXUT</Filter>
    </ClCompile>
    <ClCompile Include="TextureInfo.cpp">
      <Filter>Component</Filter>
    </ClCompile>
    <ClCompile Include="Layer.cpp">
      <Filter>Manager</Filter>
    </ClCompile>
    <ClCompile Include="Cannoneer.cpp" />
    <ClCompile Include="Camera.cpp">
      <Filter>Manager</Filter>
    </ClCompile>
    <ClCompile Include="TextureManager.cpp">
      <Filter>Manager</Filter>
    </ClCompile>
    <ClCompile Include="SoundManager.cpp">
      <Filter>Manager</Filter>
    </ClCompile>
    <ClCompile Include="MouseManager.cpp">
      <Filter>Manager</Filter>
    </ClCompile>
    <ClCompile Include="BoxCollider.cpp">
      <Filter>Component</Filter>
    </ClCompile>
    <ClCompile Include="ObjectManager.cpp">
      <Filter>Manager</Filter>
    </ClCompile>
    <ClCompile Include="GraphicManager.cpp">
      <Filter>Manager</Filter>
    </ClCompile>
    <ClCompile Include="GameObject.cpp">
      <Filter>GameObject\Base</Filter>
    </ClCompile>
    <ClCompile Include="Text.cpp">
      <Filter>GameObject\Text\Base</Filter>
    </ClCompile>
    <ClCompile Include="SceneManager.cpp">
      <Filter>Manager</Filter>
    </ClCompile>
    <ClCompile Include="GameManager.cpp">
      <Filter>Manager</Filter>
    </ClCompile>
    <ClCompile Include="BulletBase.cpp">
      <Filter>GameObject\Bullet\Base</Filter>
    </ClCompile>
    <ClCompile Include="PlayerBullet.cpp">
      <Filter>GameObject\Bullet</Filter>
    </ClCompile>
    <ClCompile Include="WarningText.cpp">
      <Filter>GameObject\Text</Filter>
    </ClCompile>
    <ClCompile Include="BackGround.cpp">
      <Filter>GameObject\Stage</Filter>
    </ClCompile>
    <ClCompile Include="Player.cpp">
      <Filter>GameObject\Character</Filter>
    </ClCompile>
    <ClCompile Include="WeaponBase.cpp">
      <Filter>GameObject\Weapon\Base</Filter>
    </ClCompile>
    <ClCompile Include="Sniper.cpp">
      <Filter>GameObject\Weapon</Filter>
    </ClCompile>
    <ClCompile Include="EnemyBase.cpp">
      <Filter>GameObject\Character\Enemy\Base</Filter>
    </ClCompile>
  </ItemGroup>
  <ItemGroup>
    <ClInclude Include="DXUT\Optional\SDKsound.h">
      <Filter>DXUT</Filter>
    </ClInclude>
    <ClInclude Include="DXUT\Optional\SDKwavefile.h">
      <Filter>DXUT</Filter>
    </ClInclude>
    <ClInclude Include="TextureInfo.h">
      <Filter>Component</Filter>
    </ClInclude>
    <ClInclude Include="Layer.h">
      <Filter>Manager</Filter>
    </ClInclude>
    <ClInclude Include="Cannoneer.h" />
    <ClInclude Include="Camera.h">
      <Filter>Manager</Filter>
    </ClInclude>
    <ClInclude Include="TextureManager.h">
      <Filter>Manager</Filter>
    </ClInclude>
    <ClInclude Include="SoundManager.h">
      <Filter>Manager</Filter>
    </ClInclude>
    <ClInclude Include="MouseManager.h">
      <Filter>Manager</Filter>
    </ClInclude>
    <ClInclude Include="BoxCollider.h">
      <Filter>Component</Filter>
    </ClInclude>
    <ClInclude Include="ObjectManager.h">
      <Filter>Manager</Filter>
    </ClInclude>
    <ClInclude Include="GraphicManager.h">
      <Filter>Manager</Filter>
    </ClInclude>
    <ClInclude Include="GameObject.h">
      <Filter>GameObject\Base</Filter>
    </ClInclude>
    <ClInclude Include="Text.h">
      <Filter>GameObject\Text\Base</Filter>
    </ClInclude>
    <ClInclude Include="SceneManager.h">
      <Filter>Manager</Filter>
    </ClInclude>
    <ClInclude Include="GameManager.h">
      <Filter>Manager</Filter>
    </ClInclude>
    <ClInclude Include="BulletBase.h">
      <Filter>GameObject\Bullet\Base</Filter>
    </ClInclude>
    <ClInclude Include="PlayerBullet.h">
      <Filter>GameObject\Bullet</Filter>
    </ClInclude>
    <ClInclude Include="WarningText.h">
      <Filter>GameObject\Text</Filter>
    </ClInclude>
    <ClInclude Include="BackGround.h">
      <Filter>GameObject\Stage</Filter>
    </ClInclude>
    <ClInclude Include="Player.h">
      <Filter>GameObject\Character</Filter>
    </ClInclude>
    <ClInclude Include="WeaponBase.h">
      <Filter>GameObject\Weapon\Base</Filter>
    </ClInclude>
    <ClInclude Include="Sniper.h">
      <Filter>GameObject\Weapon</Filter>
    </ClInclude>
    <ClInclude Include="EnemyBase.h">
      <Filter>GameObject\Character\Enemy\Base</Filter>
    </ClInclude>
  </ItemGroup>
  <ItemGroup>
    <CLInclude Include="resource.h">
      <Filter>Resource Files</Filter>
    </CLInclude>
    <ResourceCompile Include="Cannoneer.rc">
      <Filter>Resource Files</Filter>
    </ResourceCompile>
  </ItemGroup>
  <ItemGroup>
  </ItemGroup>
</Project>